
Microsoft Visual Studio Solution File, Format Version 12.00
# Visual Studio Version 16
VisualStudioVersion = 16.0.30711.63
MinimumVisualStudioVersion = 10.0.40219.1
Project("{FAE04EC0-301F-11D3-BF4B-00C04F79EFBC}") = "WordTrainer.Android", "WordTrainer\WordTrainer.Android\WordTrainer.Android.csproj", "{9AE775BE-3240-46A9-9A88-4BD257FE0B77}"
EndProject
Project("{FAE04EC0-301F-11D3-BF4B-00C04F79EFBC}") = "WordTrainer", "WordTrainer\WordTrainer\WordTrainer.csproj", "{901ECBDA-F10A-4CDE-8CFD-8BB2EDADBBBD}"
EndProject
Global
	GlobalSection(SolutionConfigurationPlatforms) = preSolution
		Debug|Any CPU = Debug|Any CPU
		Release|Any CPU = Release|Any CPU
	EndGlobalSection
	GlobalSection(ProjectConfigurationPlatforms) = postSolution
		{9AE775BE-3240-46A9-9A88-4BD257FE0B77}.Debug|Any CPU.ActiveCfg = Debug|Any CPU
		{9AE775BE-3240-46A9-9A88-4BD257FE0B77}.Debug|Any CPU.Build.0 = Debug|Any CPU
		{9AE775BE-3240-46A9-9A88-4BD257FE0B77}.Debug|Any CPU.Deploy.0 = Debug|Any CPU
		{9AE775BE-3240-46A9-9A88-4BD257FE0B77}.Release|Any CPU.ActiveCfg = Release|Any CPU
		{9AE775BE-3240-46A9-9A88-4BD257FE0B77}.Release|Any CPU.Build.0 = Release|Any CPU
		{9AE775BE-3240-46A9-9A88-4BD257FE0B77}.Release|Any CPU.Deploy.0 = Release|Any CPU
		{901ECBDA-F10A-4CDE-8CFD-8BB2EDADBBBD}.Debug|Any CPU.ActiveCfg = Debug|Any CPU
		{901ECBDA-F10A-4CDE-8CFD-8BB2EDADBBBD}.Debug|Any CPU.Build.0 = Debug|Any CPU
		{901ECBDA-F10A-4CDE-8CFD-8BB2EDADBBBD}.Debug|Any CPU.Deploy.0 = Debug|Any CPU
		{901ECBDA-F10A-4CDE-8CFD-8BB2EDADBBBD}.Release|Any CPU.ActiveCfg = Release|Any CPU
		{901ECBDA-F10A-4CDE-8CFD-8BB2EDADBBBD}.Release|Any CPU.Build.0 = Release|Any CPU
		{901ECBDA-F10A-4CDE-8CFD-8BB2EDADBBBD}.Release|Any CPU.Deploy.0 = Release|Any CPU
	EndGlobalSection
	GlobalSection(SolutionProperties) = preSolution
		HideSolutionNode = FALSE
	EndGlobalSection
	GlobalSection(ExtensibilityGlobals) = postSolution
		SolutionGuid = {C05D81C2-F4F5-4B4B-9383-4D2EF6EE614E}
	EndGlobalSection
EndGlobal
